
Microsoft Visual Studio Solution File, Format Version 12.00
# Visual Studio 14
VisualStudioVersion = 14.0.25420.1
MinimumVisualStudioVersion = 10.0.40219.1
Project("{FAE04EC0-301F-11D3-BF4B-00C04F79EFBC}") = "TankLock", "TankLock\TankLock.csproj", "{32BEC025-AF72-4A51-9834-C33797F7A192}"
EndProject
Project("{2150E333-8FDC-42A3-9474-1A3956D46DE8}") = "SolutionItems", "SolutionItems", "{87333123-58BA-4FA5-82FE-6CE2380E1022}"
	ProjectSection(SolutionItems) = preProject
		TankLock\buildrelease.bat = TankLock\buildrelease.bat
		TankLock\deploy.bat = TankLock\deploy.bat
		..\README.md = ..\README.md
		TankLock\TankLock.cfg = TankLock\TankLock.cfg
		TankLock\TankLock.version = TankLock\TankLock.version
	EndProjectSection
EndProject
Global
	GlobalSection(SolutionConfigurationPlatforms) = preSolution
		Debug|Any CPU = Debug|Any CPU
		Release|Any CPU = Release|Any CPU
	EndGlobalSection
	GlobalSection(ProjectConfigurationPlatforms) = postSolution
		{32BEC025-AF72-4A51-9834-C33797F7A192}.Debug|Any CPU.ActiveCfg = Debug|Any CPU
		{32BEC025-AF72-4A51-9834-C33797F7A192}.Debug|Any CPU.Build.0 = Debug|Any CPU
		{32BEC025-AF72-4A51-9834-C33797F7A192}.Release|Any CPU.ActiveCfg = Release|Any CPU
		{32BEC025-AF72-4A51-9834-C33797F7A192}.Release|Any CPU.Build.0 = Release|Any CPU
	EndGlobalSection
	GlobalSection(SolutionProperties) = preSolution
		HideSolutionNode = FALSE
	EndGlobalSection
	GlobalSection(MonoDevelopProperties) = preSolution
		StartupItem = TankLock\TankLock.csproj
	EndGlobalSection
EndGlobal
